{
  "name": "xstaterepro",
  "version": "1.0.0",
  "lockfileVersion": 1,
  "requires": true,
  "dependencies": {
    "@types/node": {
      "version": "14.0.27",
      "resolved": "https://registry.npmjs.org/@types/node/-/node-14.0.27.tgz",
      "integrity": "sha512-kVrqXhbclHNHGu9ztnAwSncIgJv/FaxmzXJvGXNdcCpV1b8u1/Mi6z6m0vwy0LzKeXFTPLH0NzwmoJ3fNCIq0g==",
      "dev": true
    },
    "alcalzone-shared": {
      "version": "2.3.0",
      "resolved": "https://registry.npmjs.org/alcalzone-shared/-/alcalzone-shared-2.3.0.tgz",
      "integrity": "sha512-wBVqPJMOb/vQ9ZeVpwGL19LhfOaLnZlDFHk7ZgFz2Q2c7kYHNVKJhLQBMHhkAQ9P7zQ8Fx5IWEySXHGixcAIkw==",
      "requires": {
        "debug": "^4.1.1"
      }
    },
    "debug": {
      "version": "4.1.1",
      "resolved": "https://registry.npmjs.org/debug/-/debug-4.1.1.tgz",
      "integrity": "sha512-pYAIzeRo8J6KPEaJ0VWOh5Pzkbw/RetuzehGM7QRRX5he4fPHx2rdKMB256ehJCkX+XRQm16eZLqLNS8RSZXZw==",
      "requires": {
        "ms": "^2.1.1"
      }
    },
    "ms": {
      "version": "2.1.2",
      "resolved": "https://registry.npmjs.org/ms/-/ms-2.1.2.tgz",
      "integrity": "sha512-sGkPx+VjMtmA6MX27oA4FBFELFCZZ4S4XqeGOXCv68tT+jb3vk/RyaKWP0PTKyWtmLSM0b+adUTEvbs1PEaH2w=="
    },
    "xstate": {
      "version": "4.11.0",
      "resolved": "https://registry.npmjs.org/xstate/-/xstate-4.11.0.tgz",
      "integrity": "sha512-v+S3jF2YrM2tFOit8o7+4N3FuFd9IIGcIKHyfHeeNjMlmNmwuiv/IbY9uw7ECifx7H/A9aGLcxPSr0jdjTGDww=="
    }
  }
}
